{
  "name": "lib",
  "version": "1.0.0",
  "lockfileVersion": 1,
  "requires": true,
  "dependencies": {
    "shell.js": {
      "version": "3.2.3",
      "resolved": "https://registry.npmjs.org/shell.js/-/shell.js-3.2.3.tgz",
      "integrity": "sha512-FBy/2W05kbwlOCrKDCuVjbhHxs5IK20EjVp1dNxLBjsPggC4gS3BJWqexRbVrmzOJ4d0mS+FRmfVsBJJUasqxw=="
    }
  }
}
